// !$*UTF8*$!
{
	archiveVersion = 1;
	classes = {
	};
	objectVersion = 77;
	objects = {

/* Begin PBXBuildFile section */
		091B24B84ABFE0FDA57ACBA6 /* PhoneStreamView.swift in Sources */ = {isa = PBXBuildFile; fileRef = FD6DB96A0329FCF9683CBA57 /* PhoneStreamView.swift */; };
		138786D9C435D2DC031AAE58 /* ContentView.swift in Sources */ = {isa = PBXBuildFile; fileRef = 6E5AD48BB77B56B3136250CA /* ContentView.swift */; };
		87324AE5BABB6F776FAB59AA /* Assets.xcassets in Resources */ = {isa = PBXBuildFile; fileRef = 7204F936836A15FCC136EEB8 /* Assets.xcassets */; };
		AC163BCEBE9FB471316EC296 /* ControlClient.swift in Sources */ = {isa = PBXBuildFile; fileRef = 58AD9BBFC803D6332320080E /* ControlClient.swift */; };
		C24F5A73F6837849F00FF6DD /* NativeH264StreamView.swift in Sources */ = {isa = PBXBuildFile; fileRef = 6E7050B747AFDBFBD0AEB1FE /* NativeH264StreamView.swift */; };
		E607E3DF08650DDA757133C6 /* PhoneViewVisionApp.swift in Sources */ = {isa = PBXBuildFile; fileRef = B2ABA147D34658372221D7B6 /* PhoneViewVisionApp.swift */; };
/* End PBXBuildFile section */

/* Begin PBXFileReference section */
		0FAA988784D0AEAF3511EAB0 /* Info.plist */ = {isa = PBXFileReference; lastKnownFileType = text.plist; path = Info.plist; sourceTree = "<group>"; };
		46B8D46275AEF273E7747D70 /* PhoneViewVision.app */ = {isa = PBXFileReference; includeInIndex = 0; lastKnownFileType = wrapper.application; path = PhoneViewVision.app; sourceTree = BUILT_PRODUCTS_DIR; };
		58AD9BBFC803D6332320080E /* ControlClient.swift */ = {isa = PBXFileReference; lastKnownFileType = sourcecode.swift; path = ControlClient.swift; sourceTree = "<group>"; };
		6E5AD48BB77B56B3136250CA /* ContentView.swift */ = {isa = PBXFileReference; lastKnownFileType = sourcecode.swift; path = ContentView.swift; sourceTree = "<group>"; };
		6E7050B747AFDBFBD0AEB1FE /* NativeH264StreamView.swift */ = {isa = PBXFileReference; lastKnownFileType = sourcecode.swift; path = NativeH264StreamView.swift; sourceTree = "<group>"; };
		7204F936836A15FCC136EEB8 /* Assets.xcassets */ = {isa = PBXFileReference; lastKnownFileType = folder.assetcatalog; path = Assets.xcassets; sourceTree = "<group>"; };
		B2ABA147D34658372221D7B6 /* PhoneViewVisionApp.swift */ = {isa = PBXFileReference; lastKnownFileType = sourcecode.swift; path = PhoneViewVisionApp.swift; sourceTree = "<group>"; };
		FD6DB96A0329FCF9683CBA57 /* PhoneStreamView.swift */ = {isa = PBXFileReference; lastKnownFileType = sourcecode.swift; path = PhoneStreamView.swift; sourceTree = "<group>"; };
/* End PBXFileReference section */

/* Begin PBXGroup section */
		16D9CBBD387E995D98B8227C /* PhoneViewVision */ = {
			isa = PBXGroup;
			children = (
				7204F936836A15FCC136EEB8 /* Assets.xcassets */,
				6E5AD48BB77B56B3136250CA /* ContentView.swift */,
				58AD9BBFC803D6332320080E /* ControlClient.swift */,
				0FAA988784D0AEAF3511EAB0 /* Info.plist */,
				6E7050B747AFDBFBD0AEB1FE /* NativeH264StreamView.swift */,
				FD6DB96A0329FCF9683CBA57 /* PhoneStreamView.swift */,
				B2ABA147D34658372221D7B6 /* PhoneViewVisionApp.swift */,
			);
			path = PhoneViewVision;
			sourceTree = "<group>";
		};
		7CFC1B77C5449B20FEF32CE7 = {
			isa = PBXGroup;
			children = (
				16D9CBBD387E995D98B8227C /* PhoneViewVision */,
				BC231C0AEE5ED225E0120F60 /* Products */,
			);
			sourceTree = "<group>";
		};
		BC231C0AEE5ED225E0120F60 /* Products */ = {
			isa = PBXGroup;
			children = (
				46B8D46275AEF273E7747D70 /* PhoneViewVision.app */,
			);
			name = Products;
			sourceTree = "<group>";
		};
/* End PBXGroup section */

/* Begin PBXNativeTarget section */
		1BEE88D3A98DC7DC5A0E76B1 /* PhoneViewVision */ = {
			isa = PBXNativeTarget;
			buildConfigurationList = 1D8E3A6816E88A4366C1B078 /* Build configuration list for PBXNativeTarget "PhoneViewVision" */;
			buildPhases = (
				EB7E10FAF49CDD9C24CDE639 /* Sources */,
				8D42B165CC77C3F69BF9D33F /* Resources */,
			);
			buildRules = (
			);
			dependencies = (
			);
			name = PhoneViewVision;
			packageProductDependencies = (
			);
			productName = PhoneViewVision;
			productReference = 46B8D46275AEF273E7747D70 /* PhoneViewVision.app */;
			productType = "com.apple.product-type.application";
		};
/* End PBXNativeTarget section */

/* Begin PBXProject section */
		3E38F9A350EC841C143E730D /* Project object */ = {
			isa = PBXProject;
			attributes = {
				BuildIndependentTargetsInParallel = YES;
				LastUpgradeCheck = 1430;
				TargetAttributes = {
					1BEE88D3A98DC7DC5A0E76B1 = {
						ProvisioningStyle = Automatic;
					};
				};
			};
			buildConfigurationList = F9C39217984CC1F8540089FE /* Build configuration list for PBXProject "PhoneViewVision" */;
			developmentRegion = en;
			hasScannedForEncodings = 0;
			knownRegions = (
				Base,
				en,
			);
			mainGroup = 7CFC1B77C5449B20FEF32CE7;
			minimizedProjectReferenceProxies = 1;
			preferredProjectObjectVersion = 77;
			productRefGroup = BC231C0AEE5ED225E0120F60 /* Products */;
			projectDirPath = "";
			projectRoot = "";
			targets = (
				1BEE88D3A98DC7DC5A0E76B1 /* PhoneViewVision */,
			);
		};
/* End PBXProject section */

/* Begin PBXResourcesBuildPhase section */
		8D42B165CC77C3F69BF9D33F /* Resources */ = {
			isa = PBXResourcesBuildPhase;
			buildActionMask = 2147483647;
			files = (
				87324AE5BABB6F776FAB59AA /* Assets.xcassets in Resources */,
			);
			runOnlyForDeploymentPostprocessing = 0;
		};
/* End PBXResourcesBuildPhase section */

/* Begin PBXSourcesBuildPhase section */
		EB7E10FAF49CDD9C24CDE639 /* Sources */ = {
			isa = PBXSourcesBuildPhase;
			buildActionMask = 2147483647;
			files = (
				138786D9C435D2DC031AAE58 /* ContentView.swift in Sources */,
				AC163BCEBE9FB471316EC296 /* ControlClient.swift in Sources */,
				C24F5A73F6837849F00FF6DD /* NativeH264StreamView.swift in Sources */,
				091B24B84ABFE0FDA57ACBA6 /* PhoneStreamView.swift in Sources */,
				E607E3DF08650DDA757133C6 /* PhoneViewVisionApp.swift in Sources */,
			);
			runOnlyForDeploymentPostprocessing = 0;
		};
/* End PBXSourcesBuildPhase section */

/* Begin XCBuildConfiguration section */
		1310F148CED5615570E8CB3E /* Debug */ = {
			isa = XCBuildConfiguration;
			buildSettings = {
				ALWAYS_SEARCH_USER_PATHS = NO;
				CLANG_ANALYZER_NONNULL = YES;
				CLANG_ANALYZER_NUMBER_OBJECT_CONVERSION = YES_AGGRESSIVE;
				CLANG_CXX_LANGUAGE_STANDARD = "gnu++14";
				CLANG_CXX_LIBRARY = "libc++";
				CLANG_ENABLE_MODULES = YES;
				CLANG_ENABLE_OBJC_ARC = YES;
				CLANG_ENABLE_OBJC_WEAK = YES;
				CLANG_WARN_BLOCK_CAPTURE_AUTORELEASING = YES;
				CLANG_WARN_BOOL_CONVERSION = YES;
				CLANG_WARN_COMMA = YES;
				CLANG_WARN_CONSTANT_CONVERSION = YES;
				CLANG_WARN_DEPRECATED_OBJC_IMPLEMENTATIONS = YES;
				CLANG_WARN_DIRECT_OBJC_ISA_USAGE = YES_ERROR;
				CLANG_WARN_DOCUMENTATION_COMMENTS = YES;
				CLANG_WARN_EMPTY_BODY = YES;
				CLANG_WARN_ENUM_CONVERSION = YES;
				CLANG_WARN_INFINITE_RECURSION = YES;
				CLANG_WARN_INT_CONVERSION = YES;
				CLANG_WARN_NON_LITERAL_NULL_CONVERSION = YES;
				CLANG_WARN_OBJC_IMPLICIT_RETAIN_SELF = YES;
				CLANG_WARN_OBJC_LITERAL_CONVERSION = YES;
				CLANG_WARN_OBJC_ROOT_CLASS = YES_ERROR;
				CLANG_WARN_QUOTED_INCLUDE_IN_FRAMEWORK_HEADER = YES;
				CLANG_WARN_RANGE_LOOP_ANALYSIS = YES;
				CLANG_WARN_STRICT_PROTOTYPES = YES;
				CLANG_WARN_SUSPICIOUS_MOVE = YES;
				CLANG_WARN_UNGUARDED_AVAILABILITY = YES_AGGRESSIVE;
				CLANG_WARN_UNREACHABLE_CODE = YES;
				CLANG_WARN__DUPLICATE_METHOD_MATCH = YES;
				CODE_SIGN_STYLE = Automatic;
				COPY_PHASE_STRIP = NO;
				DEBUG_INFORMATION_FORMAT = dwarf;
				ENABLE_STRICT_OBJC_MSGSEND = YES;
				ENABLE_TESTABILITY = YES;
				GCC_C_LANGUAGE_STANDARD = gnu11;
				GCC_DYNAMIC_NO_PIC = NO;
				GCC_NO_COMMON_BLOCKS = YES;
				GCC_OPTIMIZATION_LEVEL = 0;
				GCC_PREPROCESSOR_DEFINITIONS = (
					"$(inherited)",
					"DEBUG=1",
				);
				GCC_WARN_64_TO_32_BIT_CONVERSION = YES;
				GCC_WARN_ABOUT_RETURN_TYPE = YES_ERROR;
				GCC_WARN_UNDECLARED_SELECTOR = YES;
				GCC_WARN_UNINITIALIZED_AUTOS = YES_AGGRESSIVE;
				GCC_WARN_UNUSED_FUNCTION = YES;
				GCC_WARN_UNUSED_VARIABLE = YES;
				MTL_ENABLE_DEBUG_INFO = INCLUDE_SOURCE;
				MTL_FAST_MATH = YES;
				ONLY_ACTIVE_ARCH = YES;
				PRODUCT_NAME = "$(TARGET_NAME)";
				SDKROOT = xros;
				SWIFT_ACTIVE_COMPILATION_CONDITIONS = DEBUG;
				SWIFT_OPTIMIZATION_LEVEL = "-Onone";
				SWIFT_VERSION = 6.0;
				XROS_DEPLOYMENT_TARGET = 27.0;
			};
			name = Debug;
		};
		2602F311E6BDE3989CF138AD /* Release */ = {
			isa = XCBuildConfiguration;
			buildSettings = {
				ALWAYS_SEARCH_USER_PATHS = NO;
				CLANG_ANALYZER_NONNULL = YES;
				CLANG_ANALYZER_NUMBER_OBJECT_CONVERSION = YES_AGGRESSIVE;
				CLANG_CXX_LANGUAGE_STANDARD = "gnu++14";
				CLANG_CXX_LIBRARY = "libc++";
				CLANG_ENABLE_MODULES = YES;
				CLANG_ENABLE_OBJC_ARC = YES;
				CLANG_ENABLE_OBJC_WEAK = YES;
				CLANG_WARN_BLOCK_CAPTURE_AUTORELEASING = YES;
				CLANG_WARN_BOOL_CONVERSION = YES;
				CLANG_WARN_COMMA = YES;
				CLANG_WARN_CONSTANT_CONVERSION = YES;
				CLANG_WARN_DEPRECATED_OBJC_IMPLEMENTATIONS = YES;
				CLANG_WARN_DIRECT_OBJC_ISA_USAGE = YES_ERROR;
				CLANG_WARN_DOCUMENTATION_COMMENTS = YES;
				CLANG_WARN_EMPTY_BODY = YES;
				CLANG_WARN_ENUM_CONVERSION = YES;
				CLANG_WARN_INFINITE_RECURSION = YES;
				CLANG_WARN_INT_CONVERSION = YES;
				CLANG_WARN_NON_LITERAL_NULL_CONVERSION = YES;
				CLANG_WARN_OBJC_IMPLICIT_RETAIN_SELF = YES;
				CLANG_WARN_OBJC_LITERAL_CONVERSION = YES;
				CLANG_WARN_OBJC_ROOT_CLASS = YES_ERROR;
				CLANG_WARN_QUOTED_INCLUDE_IN_FRAMEWORK_HEADER = YES;
				CLANG_WARN_RANGE_LOOP_ANALYSIS = YES;
				CLANG_WARN_STRICT_PROTOTYPES = YES;
				CLANG_WARN_SUSPICIOUS_MOVE = YES;
				CLANG_WARN_UNGUARDED_AVAILABILITY = YES_AGGRESSIVE;
				CLANG_WARN_UNREACHABLE_CODE = YES;
				CLANG_WARN__DUPLICATE_METHOD_MATCH = YES;
				CODE_SIGN_STYLE = Automatic;
				COPY_PHASE_STRIP = NO;
				DEBUG_INFORMATION_FORMAT = "dwarf-with-dsym";
				ENABLE_NS_ASSERTIONS = NO;
				ENABLE_STRICT_OBJC_MSGSEND = YES;
				GCC_C_LANGUAGE_STANDARD = gnu11;
				GCC_NO_COMMON_BLOCKS = YES;
				GCC_WARN_64_TO_32_BIT_CONVERSION = YES;
				GCC_WARN_ABOUT_RETURN_TYPE = YES_ERROR;
				GCC_WARN_UNDECLARED_SELECTOR = YES;
				GCC_WARN_UNINITIALIZED_AUTOS = YES_AGGRESSIVE;
				GCC_WARN_UNUSED_FUNCTION = YES;
				GCC_WARN_UNUSED_VARIABLE = YES;
				MTL_ENABLE_DEBUG_INFO = NO;
				MTL_FAST_MATH = YES;
				PRODUCT_NAME = "$(TARGET_NAME)";
				SDKROOT = xros;
				SWIFT_COMPILATION_MODE = wholemodule;
				SWIFT_OPTIMIZATION_LEVEL = "-O";
				SWIFT_VERSION = 6.0;
				XROS_DEPLOYMENT_TARGET = 27.0;
			};
			name = Release;
		};
		46B3B858F45E510467B50879 /* Debug */ = {
			isa = XCBuildConfiguration;
			buildSettings = {
				ASSETCATALOG_COMPILER_APPICON_NAME = AppIcon;
				GENERATE_INFOPLIST_FILE = NO;
				INFOPLIST_FILE = PhoneViewVision/Info.plist;
				LD_RUNPATH_SEARCH_PATHS = (
					"$(inherited)",
					"@executable_path/Frameworks",
				);
				PRODUCT_BUNDLE_IDENTIFIER = com.example.phoneview.vision;
				PRODUCT_NAME = PhoneView;
				SDKROOT = xros;
				TARGETED_DEVICE_FAMILY = 7;
			};
			name = Debug;
		};
		F1EEBA8F17424E20A3F423A8 /* Release */ = {
			isa = XCBuildConfiguration;
			buildSettings = {
				ASSETCATALOG_COMPILER_APPICON_NAME = AppIcon;
				GENERATE_INFOPLIST_FILE = NO;
				INFOPLIST_FILE = PhoneViewVision/Info.plist;
				LD_RUNPATH_SEARCH_PATHS = (
					"$(inherited)",
					"@executable_path/Frameworks",
				);
				PRODUCT_BUNDLE_IDENTIFIER = com.example.phoneview.vision;
				PRODUCT_NAME = PhoneView;
				SDKROOT = xros;
				TARGETED_DEVICE_FAMILY = 7;
			};
			name = Release;
		};
/* End XCBuildConfiguration section */

/* Begin XCConfigurationList section */
		1D8E3A6816E88A4366C1B078 /* Build configuration list for PBXNativeTarget "PhoneViewVision" */ = {
			isa = XCConfigurationList;
			buildConfigurations = (
				46B3B858F45E510467B50879 /* Debug */,
				F1EEBA8F17424E20A3F423A8 /* Release */,
			);
			defaultConfigurationIsVisible = 0;
			defaultConfigurationName = Debug;
		};
		F9C39217984CC1F8540089FE /* Build configuration list for PBXProject "PhoneViewVision" */ = {
			isa = XCConfigurationList;
			buildConfigurations = (
				1310F148CED5615570E8CB3E /* Debug */,
				2602F311E6BDE3989CF138AD /* Release */,
			);
			defaultConfigurationIsVisible = 0;
			defaultConfigurationName = Debug;
		};
/* End XCConfigurationList section */
	};
	rootObject = 3E38F9A350EC841C143E730D /* Project object */;
}
